// !$*UTF8*$!
{
	archiveVersion = 1;
	classes = {
	};
	objectVersion = 50;
	objects = {

/* Begin PBXBuildFile section */
		040FD6BA240EBED70018AA42 /* LoanSummaryTableViewCell.swift in Sources */ = {isa = PBXBuildFile; fileRef = 040FD6B9240EBED70018AA42 /* LoanSummaryTableViewCell.swift */; };
		040FD6BC240EC6500018AA42 /* MortgageTabBarController.swift in Sources */ = {isa = PBXBuildFile; fileRef = 040FD6BB240EC6500018AA42 /* MortgageTabBarController.swift */; };
		040FD6BE240ED0780018AA42 /* CurrencyExtensions.swift in Sources */ = {isa = PBXBuildFile; fileRef = 040FD6BD240ED0780018AA42 /* CurrencyExtensions.swift */; };
		04392C55240D97CA00695665 /* AppDelegate.swift in Sources */ = {isa = PBXBuildFile; fileRef = 04392C54240D97CA00695665 /* AppDelegate.swift */; };
		04392C57240D97CA00695665 /* SceneDelegate.swift in Sources */ = {isa = PBXBuildFile; fileRef = 04392C56240D97CA00695665 /* SceneDelegate.swift */; };
		04392C5C240D97CA00695665 /* Main.storyboard in Resources */ = {isa = PBXBuildFile; fileRef = 04392C5A240D97CA00695665 /* Main.storyboard */; };
		04392C5E240D97CC00695665 /* Assets.xcassets in Resources */ = {isa = PBXBuildFile; fileRef = 04392C5D240D97CC00695665 /* Assets.xcassets */; };
		04392C61240D97CC00695665 /* LaunchScreen.storyboard in Resources */ = {isa = PBXBuildFile; fileRef = 04392C5F240D97CC00695665 /* LaunchScreen.storyboard */; };
		04392C69240D986E00695665 /* Calculator.swift in Sources */ = {isa = PBXBuildFile; fileRef = 04392C68240D986E00695665 /* Calculator.swift */; };
		04392C6B240D988A00695665 /* Loan.swift in Sources */ = {isa = PBXBuildFile; fileRef = 04392C6A240D988A00695665 /* Loan.swift */; };
		04392C6D240DA03F00695665 /* LoanDetailViewController.swift in Sources */ = {isa = PBXBuildFile; fileRef = 04392C6C240DA03F00695665 /* LoanDetailViewController.swift */; };
		04392C6F240DA06500695665 /* SummaryViewController.swift in Sources */ = {isa = PBXBuildFile; fileRef = 04392C6E240DA06500695665 /* SummaryViewController.swift */; };
		04392C75240DB13A00695665 /* Amortization.swift in Sources */ = {isa = PBXBuildFile; fileRef = 04392C74240DB13A00695665 /* Amortization.swift */; };
		04392C77240DB1B600695665 /* Graphs.storyboard in Resources */ = {isa = PBXBuildFile; fileRef = 04392C76240DB1B600695665 /* Graphs.storyboard */; };
		04392C7E240DCAAA00695665 /* LoanController.swift in Sources */ = {isa = PBXBuildFile; fileRef = 04392C7D240DCAA900695665 /* LoanController.swift */; };
		048C7288240FEA050061266A /* TimelineViewController.swift in Sources */ = {isa = PBXBuildFile; fileRef = 048C7287240FEA050061266A /* TimelineViewController.swift */; };
		048C728B241041420061266A /* BarGraphViewModel.swift in Sources */ = {isa = PBXBuildFile; fileRef = 048C728A241041420061266A /* BarGraphViewModel.swift */; };
		04E69AD1240FE86C00D28434 /* UIView+Layout.swift in Sources */ = {isa = PBXBuildFile; fileRef = 04E69AD0240FE86C00D28434 /* UIView+Layout.swift */; };
		04F67D94240F0A720095D256 /* GradientView.swift in Sources */ = {isa = PBXBuildFile; fileRef = 04F67D93240F0A720095D256 /* GradientView.swift */; };
		04F67D97240F21BD0095D256 /* BarGraphContainerView.swift in Sources */ = {isa = PBXBuildFile; fileRef = 04F67D95240F21BD0095D256 /* BarGraphContainerView.swift */; };
		04F67D9D240FCF5E0095D256 /* BarGraphView.swift in Sources */ = {isa = PBXBuildFile; fileRef = 04F67D9C240FCF5E0095D256 /* BarGraphView.swift */; };
		04F7250E240EF42800A47A62 /* GraphsViewController.swift in Sources */ = {isa = PBXBuildFile; fileRef = 04F7250D240EF42800A47A62 /* GraphsViewController.swift */; };
		04F72510240EF8F800A47A62 /* YearCell.swift in Sources */ = {isa = PBXBuildFile; fileRef = 04F7250F240EF8F800A47A62 /* YearCell.swift */; };
/* End PBXBuildFile section */

/* Begin PBXFileReference section */
		040FD6B9240EBED70018AA42 /* LoanSummaryTableViewCell.swift */ = {isa = PBXFileReference; lastKnownFileType = sourcecode.swift; name = LoanSummaryTableViewCell.swift; path = MortgageCalculator/Summary/LoanSummaryTableViewCell.swift; sourceTree = SOURCE_ROOT; };
		040FD6BB240EC6500018AA42 /* MortgageTabBarController.swift */ = {isa = PBXFileReference; lastKnownFileType = sourcecode.swift; path = MortgageTabBarController.swift; sourceTree = "<group>"; };
		040FD6BD240ED0780018AA42 /* CurrencyExtensions.swift */ = {isa = PBXFileReference; lastKnownFileType = sourcecode.swift; path = CurrencyExtensions.swift; sourceTree = "<group>"; };
		04392C51240D97CA00695665 /* MortgageCalculator.app */ = {isa = PBXFileReference; explicitFileType = wrapper.application; includeInIndex = 0; path = MortgageCalculator.app; sourceTree = BUILT_PRODUCTS_DIR; };
		04392C54240D97CA00695665 /* AppDelegate.swift */ = {isa = PBXFileReference; lastKnownFileType = sourcecode.swift; path = AppDelegate.swift; sourceTree = "<group>"; };
		04392C56240D97CA00695665 /* SceneDelegate.swift */ = {isa = PBXFileReference; lastKnownFileType = sourcecode.swift; path = SceneDelegate.swift; sourceTree = "<group>"; };
		04392C5B240D97CA00695665 /* Base */ = {isa = PBXFileReference; lastKnownFileType = file.storyboard; name = Base; path = Base.lproj/Main.storyboard; sourceTree = "<group>"; };
		04392C5D240D97CC00695665 /* Assets.xcassets */ = {isa = PBXFileReference; lastKnownFileType = folder.assetcatalog; path = Assets.xcassets; sourceTree = "<group>"; };
		04392C60240D97CC00695665 /* Base */ = {isa = PBXFileReference; lastKnownFileType = file.storyboard; name = Base; path = Base.lproj/LaunchScreen.storyboard; sourceTree = "<group>"; };
		04392C62240D97CC00695665 /* Info.plist */ = {isa = PBXFileReference; lastKnownFileType = text.plist.xml; path = Info.plist; sourceTree = "<group>"; };
		04392C68240D986E00695665 /* Calculator.swift */ = {isa = PBXFileReference; lastKnownFileType = sourcecode.swift; path = Calculator.swift; sourceTree = "<group>"; };
		04392C6A240D988A00695665 /* Loan.swift */ = {isa = PBXFileReference; lastKnownFileType = sourcecode.swift; path = Loan.swift; sourceTree = "<group>"; };
		04392C6C240DA03F00695665 /* LoanDetailViewController.swift */ = {isa = PBXFileReference; lastKnownFileType = sourcecode.swift; path = LoanDetailViewController.swift; sourceTree = "<group>"; };
		04392C6E240DA06500695665 /* SummaryViewController.swift */ = {isa = PBXFileReference; lastKnownFileType = sourcecode.swift; name = SummaryViewController.swift; path = MortgageCalculator/Summary/SummaryViewController.swift; sourceTree = SOURCE_ROOT; };
		04392C74240DB13A00695665 /* Amortization.swift */ = {isa = PBXFileReference; lastKnownFileType = sourcecode.swift; path = Amortization.swift; sourceTree = "<group>"; };
		04392C76240DB1B600695665 /* Graphs.storyboard */ = {isa = PBXFileReference; lastKnownFileType = file.storyboard; path = Graphs.storyboard; sourceTree = "<group>"; };
		04392C7D240DCAA900695665 /* LoanController.swift */ = {isa = PBXFileReference; lastKnownFileType = sourcecode.swift; path = LoanController.swift; sourceTree = "<group>"; };
		048C7287240FEA050061266A /* TimelineViewController.swift */ = {isa = PBXFileReference; lastKnownFileType = sourcecode.swift; name = TimelineViewController.swift; path = MortgageCalculator/Graphs/TimelineViewController.swift; sourceTree = SOURCE_ROOT; };
		048C728A241041420061266A /* BarGraphViewModel.swift */ = {isa = PBXFileReference; lastKnownFileType = sourcecode.swift; path = BarGraphViewModel.swift; sourceTree = "<group>"; };
		04E69AD0240FE86C00D28434 /* UIView+Layout.swift */ = {isa = PBXFileReference; fileEncoding = 4; lastKnownFileType = sourcecode.swift; path = "UIView+Layout.swift"; sourceTree = "<group>"; };
		04F67D93240F0A720095D256 /* GradientView.swift */ = {isa = PBXFileReference; lastKnownFileType = sourcecode.swift; name = GradientView.swift; path = MortgageCalculator/Graphs/Timeline/GradientView.swift; sourceTree = SOURCE_ROOT; };
		04F67D95240F21BD0095D256 /* BarGraphContainerView.swift */ = {isa = PBXFileReference; lastKnownFileType = sourcecode.swift; name = BarGraphContainerView.swift; path = MortgageCalculator/Graphs/BarGraph/BarGraphContainerView.swift; sourceTree = SOURCE_ROOT; };
		04F67D9C240FCF5E0095D256 /* BarGraphView.swift */ = {isa = PBXFileReference; lastKnownFileType = sourcecode.swift; path = BarGraphView.swift; sourceTree = "<group>"; };
		04F7250D240EF42800A47A62 /* GraphsViewController.swift */ = {isa = PBXFileReference; lastKnownFileType = sourcecode.swift; path = GraphsViewController.swift; sourceTree = "<group>"; };
		04F7250F240EF8F800A47A62 /* YearCell.swift */ = {isa = PBXFileReference; lastKnownFileType = sourcecode.swift; name = YearCell.swift; path = MortgageCalculator/Graphs/Timeline/YearCell.swift; sourceTree = SOURCE_ROOT; };
/* End PBXFileReference section */

/* Begin PBXFrameworksBuildPhase section */
		04392C4E240D97CA00695665 /* Frameworks */ = {
			isa = PBXFrameworksBuildPhase;
			buildActionMask = 2147483647;
			files = (
			);
			runOnlyForDeploymentPostprocessing = 0;
		};
/* End PBXFrameworksBuildPhase section */

/* Begin PBXGroup section */
		04392C48240D97CA00695665 = {
			isa = PBXGroup;
			children = (
				04392C53240D97CA00695665 /* MortgageCalculator */,
				04392C52240D97CA00695665 /* Products */,
			);
			sourceTree = "<group>";
		};
		04392C52240D97CA00695665 /* Products */ = {
			isa = PBXGroup;
			children = (
				04392C51240D97CA00695665 /* MortgageCalculator.app */,
			);
			name = Products;
			sourceTree = "<group>";
		};
		04392C53240D97CA00695665 /* MortgageCalculator */ = {
			isa = PBXGroup;
			children = (
				04E69AD3240FE88C00D28434 /* Extensions */,
				040FD6BB240EC6500018AA42 /* MortgageTabBarController.swift */,
				04F67D99240F21E50095D256 /* Graphs */,
				04392C5A240D97CA00695665 /* Main.storyboard */,
				04392C70240DA07800695665 /* Summary */,
				04F67D9B240F22F70095D256 /* LoanDetail */,
				04392C72240DA09800695665 /* Resources */,
				04392C73240DA10D00695665 /* Model */,
			);
			path = MortgageCalculator;
			sourceTree = "<group>";
		};
		04392C70240DA07800695665 /* Summary */ = {
			isa = PBXGroup;
			children = (
				04392C6E240DA06500695665 /* SummaryViewController.swift */,
				040FD6B9240EBED70018AA42 /* LoanSummaryTableViewCell.swift */,
			);
			path = Summary;
			sourceTree = "<group>";
		};
		04392C72240DA09800695665 /* Resources */ = {
			isa = PBXGroup;
			children = (
				04392C5F240D97CC00695665 /* LaunchScreen.storyboard */,
				04392C54240D97CA00695665 /* AppDelegate.swift */,
				04392C56240D97CA00695665 /* SceneDelegate.swift */,
				04392C5D240D97CC00695665 /* Assets.xcassets */,
				04392C62240D97CC00695665 /* Info.plist */,
			);
			path = Resources;
			sourceTree = "<group>";
		};
		04392C73240DA10D00695665 /* Model */ = {
			isa = PBXGroup;
			children = (
				04392C68240D986E00695665 /* Calculator.swift */,
				04392C74240DB13A00695665 /* Amortization.swift */,
				04392C6A240D988A00695665 /* Loan.swift */,
				04392C7D240DCAA900695665 /* LoanController.swift */,
			);
			path = Model;
			sourceTree = "<group>";
		};
		048C728C24114D490061266A /* BarGraph */ = {
			isa = PBXGroup;
			children = (
				04F67D95240F21BD0095D256 /* BarGraphContainerView.swift */,
				04F67D9C240FCF5E0095D256 /* BarGraphView.swift */,
				048C728A241041420061266A /* BarGraphViewModel.swift */,
			);
			path = BarGraph;
			sourceTree = "<group>";
		};
		04E69AD3240FE88C00D28434 /* Extensions */ = {
			isa = PBXGroup;
			children = (
				04E69AD0240FE86C00D28434 /* UIView+Layout.swift */,
				040FD6BD240ED0780018AA42 /* CurrencyExtensions.swift */,
			);
			path = Extensions;
			sourceTree = "<group>";
		};
		04F67D99240F21E50095D256 /* Graphs */ = {
			isa = PBXGroup;
			children = (
				04392C76240DB1B600695665 /* Graphs.storyboard */,
				04F7250D240EF42800A47A62 /* GraphsViewController.swift */,
				048C728C24114D490061266A /* BarGraph */,
				04F67D9A240F224D0095D256 /* Timeline */,
			);
			path = Graphs;
			sourceTree = "<group>";
		};
		04F67D9A240F224D0095D256 /* Timeline */ = {
			isa = PBXGroup;
			children = (
				048C7287240FEA050061266A /* TimelineViewController.swift */,
				04F67D93240F0A720095D256 /* GradientView.swift */,
				04F7250F240EF8F800A47A62 /* YearCell.swift */,
			);
			path = Timeline;
			sourceTree = "<group>";
		};
		04F67D9B240F22F70095D256 /* LoanDetail */ = {
			isa = PBXGroup;
			children = (
				04392C6C240DA03F00695665 /* LoanDetailViewController.swift */,
			);
			path = LoanDetail;
			sourceTree = "<group>";
		};
/* End PBXGroup section */

/* Begin PBXNativeTarget section */
		04392C50240D97CA00695665 /* MortgageCalculator */ = {
			isa = PBXNativeTarget;
			buildConfigurationList = 04392C65240D97CC00695665 /* Build configuration list for PBXNativeTarget "MortgageCalculator" */;
			buildPhases = (
				04392C4D240D97CA00695665 /* Sources */,
				04392C4E240D97CA00695665 /* Frameworks */,
				04392C4F240D97CA00695665 /* Resources */,
				048C72892410180A0061266A /* ShellScript */,
			);
			buildRules = (
			);
			dependencies = (
			);
			name = MortgageCalculator;
			productName = MortgageCalculator;
			productReference = 04392C51240D97CA00695665 /* MortgageCalculator.app */;
			productType = "com.apple.product-type.application";
		};
/* End PBXNativeTarget section */

/* Begin PBXProject section */
		04392C49240D97CA00695665 /* Project object */ = {
			isa = PBXProject;
			attributes = {
				LastSwiftUpdateCheck = 1130;
				LastUpgradeCheck = 1130;
				ORGANIZATIONNAME = "Swift Student";
				TargetAttributes = {
					04392C50240D97CA00695665 = {
						CreatedOnToolsVersion = 11.3;
					};
				};
			};
			buildConfigurationList = 04392C4C240D97CA00695665 /* Build configuration list for PBXProject "MortgageCalculator" */;
			compatibilityVersion = "Xcode 9.3";
			developmentRegion = en;
			hasScannedForEncodings = 0;
			knownRegions = (
				en,
				Base,
			);
			mainGroup = 04392C48240D97CA00695665;
			productRefGroup = 04392C52240D97CA00695665 /* Products */;
			projectDirPath = "";
			projectRoot = "";
			targets = (
				04392C50240D97CA00695665 /* MortgageCalculator */,
			);
		};
/* End PBXProject section */

/* Begin PBXResourcesBuildPhase section */
		04392C4F240D97CA00695665 /* Resources */ = {
			isa = PBXResourcesBuildPhase;
			buildActionMask = 2147483647;
			files = (
				04392C61240D97CC00695665 /* LaunchScreen.storyboard in Resources */,
				04392C77240DB1B600695665 /* Graphs.storyboard in Resources */,
				04392C5E240D97CC00695665 /* Assets.xcassets in Resources */,
				04392C5C240D97CA00695665 /* Main.storyboard in Resources */,
			);
			runOnlyForDeploymentPostprocessing = 0;
		};
/* End PBXResourcesBuildPhase section */

/* Begin PBXShellScriptBuildPhase section */
		048C72892410180A0061266A /* ShellScript */ = {
			isa = PBXShellScriptBuildPhase;
			buildActionMask = 2147483647;
			files = (
			);
			inputFileListPaths = (
			);
			inputPaths = (
			);
			outputFileListPaths = (
			);
			outputPaths = (
			);
			runOnlyForDeploymentPostprocessing = 0;
			shellPath = /bin/sh;
			shellScript = "TAGS=\"TODO:|FIXME:\"\nERRORTAG=\"ERROR:\"\nfind \"${SRCROOT}\" \\( -name \"*.h\" -or -name \"*.m\" -or -name \"*.swift\" \\) -print0 | xargs -0 egrep --with-filename --line-number --only-matching \"($TAGS).*\\$|($ERRORTAG).*\\$\" | perl -p -e \"s/($TAGS)/ warning: \\$1/\" | perl -p -e \"s/($ERRORTAG)/ error: \\$1/\"\n";
		};
/* End PBXShellScriptBuildPhase section */

/* Begin PBXSourcesBuildPhase section */
		04392C4D240D97CA00695665 /* Sources */ = {
			isa = PBXSourcesBuildPhase;
			buildActionMask = 2147483647;
			files = (
				040FD6BA240EBED70018AA42 /* LoanSummaryTableViewCell.swift in Sources */,
				04392C6B240D988A00695665 /* Loan.swift in Sources */,
				04F67D97240F21BD0095D256 /* BarGraphContainerView.swift in Sources */,
				04F67D94240F0A720095D256 /* GradientView.swift in Sources */,
				04F72510240EF8F800A47A62 /* YearCell.swift in Sources */,
				048C7288240FEA050061266A /* TimelineViewController.swift in Sources */,
				04E69AD1240FE86C00D28434 /* UIView+Layout.swift in Sources */,
				040FD6BE240ED0780018AA42 /* CurrencyExtensions.swift in Sources */,
				04392C69240D986E00695665 /* Calculator.swift in Sources */,
				048C728B241041420061266A /* BarGraphViewModel.swift in Sources */,
				04F7250E240EF42800A47A62 /* GraphsViewController.swift in Sources */,
				04392C55240D97CA00695665 /* AppDelegate.swift in Sources */,
				04392C57240D97CA00695665 /* SceneDelegate.swift in Sources */,
				040FD6BC240EC6500018AA42 /* MortgageTabBarController.swift in Sources */,
				04392C6D240DA03F00695665 /* LoanDetailViewController.swift in Sources */,
				04392C75240DB13A00695665 /* Amortization.swift in Sources */,
				04392C6F240DA06500695665 /* SummaryViewController.swift in Sources */,
				04392C7E240DCAAA00695665 /* LoanController.swift in Sources */,
				04F67D9D240FCF5E0095D256 /* BarGraphView.swift in Sources */,
			);
			runOnlyForDeploymentPostprocessing = 0;
		};
/* End PBXSourcesBuildPhase section */

/* Begin PBXVariantGroup section */
		04392C5A240D97CA00695665 /* Main.storyboard */ = {
			isa = PBXVariantGroup;
			children = (
				04392C5B240D97CA00695665 /* Base */,
			);
			name = Main.storyboard;
			sourceTree = "<group>";
		};
		04392C5F240D97CC00695665 /* LaunchScreen.storyboard */ = {
			isa = PBXVariantGroup;
			children = (
				04392C60240D97CC00695665 /* Base */,
			);
			name = LaunchScreen.storyboard;
			sourceTree = "<group>";
		};
/* End PBXVariantGroup section */

/* Begin XCBuildConfiguration section */
		04392C63240D97CC00695665 /* Debug */ = {
			isa = XCBuildConfiguration;
			buildSettings = {
				ALWAYS_SEARCH_USER_PATHS = NO;
				CLANG_ANALYZER_NONNULL = YES;
				CLANG_ANALYZER_NUMBER_OBJECT_CONVERSION = YES_AGGRESSIVE;
				CLANG_CXX_LANGUAGE_STANDARD = "gnu++14";
				CLANG_CXX_LIBRARY = "libc++";
				CLANG_ENABLE_MODULES = YES;
				CLANG_ENABLE_OBJC_ARC = YES;
				CLANG_ENABLE_OBJC_WEAK = YES;
				CLANG_WARN_BLOCK_CAPTURE_AUTORELEASING = YES;
				CLANG_WARN_BOOL_CONVERSION = YES;
				CLANG_WARN_COMMA = YES;
				CLANG_WARN_CONSTANT_CONVERSION = YES;
				CLANG_WARN_DEPRECATED_OBJC_IMPLEMENTATIONS = YES;
				CLANG_WARN_DIRECT_OBJC_ISA_USAGE = YES_ERROR;
				CLANG_WARN_DOCUMENTATION_COMMENTS = YES;
				CLANG_WARN_EMPTY_BODY = YES;
				CLANG_WARN_ENUM_CONVERSION = YES;
				CLANG_WARN_INFINITE_RECURSION = YES;
				CLANG_WARN_INT_CONVERSION = YES;
				CLANG_WARN_NON_LITERAL_NULL_CONVERSION = YES;
				CLANG_WARN_OBJC_IMPLICIT_RETAIN_SELF = YES;
				CLANG_WARN_OBJC_LITERAL_CONVERSION = YES;
				CLANG_WARN_OBJC_ROOT_CLASS = YES_ERROR;
				CLANG_WARN_RANGE_LOOP_ANALYSIS = YES;
				CLANG_WARN_STRICT_PROTOTYPES = YES;
				CLANG_WARN_SUSPICIOUS_MOVE = YES;
				CLANG_WARN_UNGUARDED_AVAILABILITY = YES_AGGRESSIVE;
				CLANG_WARN_UNREACHABLE_CODE = YES;
				CLANG_WARN__DUPLICATE_METHOD_MATCH = YES;
				COPY_PHASE_STRIP = NO;
				DEBUG_INFORMATION_FORMAT = dwarf;
				ENABLE_STRICT_OBJC_MSGSEND = YES;
				ENABLE_TESTABILITY = YES;
				GCC_C_LANGUAGE_STANDARD = gnu11;
				GCC_DYNAMIC_NO_PIC = NO;
				GCC_NO_COMMON_BLOCKS = YES;
				GCC_OPTIMIZATION_LEVEL = 0;
				GCC_PREPROCESSOR_DEFINITIONS = (
					"DEBUG=1",
					"$(inherited)",
				);
				GCC_WARN_64_TO_32_BIT_CONVERSION = YES;
				GCC_WARN_ABOUT_RETURN_TYPE = YES_ERROR;
				GCC_WARN_UNDECLARED_SELECTOR = YES;
				GCC_WARN_UNINITIALIZED_AUTOS = YES_AGGRESSIVE;
				GCC_WARN_UNUSED_FUNCTION = YES;
				GCC_WARN_UNUSED_VARIABLE = YES;
				IPHONEOS_DEPLOYMENT_TARGET = 13.2;
				MTL_ENABLE_DEBUG_INFO = INCLUDE_SOURCE;
				MTL_FAST_MATH = YES;
				ONLY_ACTIVE_ARCH = YES;
				SDKROOT = iphoneos;
				SWIFT_ACTIVE_COMPILATION_CONDITIONS = DEBUG;
				SWIFT_OPTIMIZATION_LEVEL = "-Onone";
			};
			name = Debug;
		};
		04392C64240D97CC00695665 /* Release */ = {
			isa = XCBuildConfiguration;
			buildSettings = {
				ALWAYS_SEARCH_USER_PATHS = NO;
				CLANG_ANALYZER_NONNULL = YES;
				CLANG_ANALYZER_NUMBER_OBJECT_CONVERSION = YES_AGGRESSIVE;
				CLANG_CXX_LANGUAGE_STANDARD = "gnu++14";
				CLANG_CXX_LIBRARY = "libc++";
				CLANG_ENABLE_MODULES = YES;
				CLANG_ENABLE_OBJC_ARC = YES;
				CLANG_ENABLE_OBJC_WEAK = YES;
				CLANG_WARN_BLOCK_CAPTURE_AUTORELEASING = YES;
				CLANG_WARN_BOOL_CONVERSION = YES;
				CLANG_WARN_COMMA = YES;
				CLANG_WARN_CONSTANT_CONVERSION = YES;
				CLANG_WARN_DEPRECATED_OBJC_IMPLEMENTATIONS = YES;
				CLANG_WARN_DIRECT_OBJC_ISA_USAGE = YES_ERROR;
				CLANG_WARN_DOCUMENTATION_COMMENTS = YES;
				CLANG_WARN_EMPTY_BODY = YES;
				CLANG_WARN_ENUM_CONVERSION = YES;
				CLANG_WARN_INFINITE_RECURSION = YES;
				CLANG_WARN_INT_CONVERSION = YES;
				CLANG_WARN_NON_LITERAL_NULL_CONVERSION = YES;
				CLANG_WARN_OBJC_IMPLICIT_RETAIN_SELF = YES;
				CLANG_WARN_OBJC_LITERAL_CONVERSION = YES;
				CLANG_WARN_OBJC_ROOT_CLASS = YES_ERROR;
				CLANG_WARN_RANGE_LOOP_ANALYSIS = YES;
				CLANG_WARN_STRICT_PROTOTYPES = YES;
				CLANG_WARN_SUSPICIOUS_MOVE = YES;
				CLANG_WARN_UNGUARDED_AVAILABILITY = YES_AGGRESSIVE;
				CLANG_WARN_UNREACHABLE_CODE = YES;
				CLANG_WARN__DUPLICATE_METHOD_MATCH = YES;
				COPY_PHASE_STRIP = NO;
				DEBUG_INFORMATION_FORMAT = "dwarf-with-dsym";
				ENABLE_NS_ASSERTIONS = NO;
				ENABLE_STRICT_OBJC_MSGSEND = YES;
				GCC_C_LANGUAGE_STANDARD = gnu11;
				GCC_NO_COMMON_BLOCKS = YES;
				GCC_WARN_64_TO_32_BIT_CONVERSION = YES;
				GCC_WARN_ABOUT_RETURN_TYPE = YES_ERROR;
				GCC_WARN_UNDECLARED_SELECTOR = YES;
				GCC_WARN_UNINITIALIZED_AUTOS = YES_AGGRESSIVE;
				GCC_WARN_UNUSED_FUNCTION = YES;
				GCC_WARN_UNUSED_VARIABLE = YES;
				IPHONEOS_DEPLOYMENT_TARGET = 13.2;
				MTL_ENABLE_DEBUG_INFO = NO;
				MTL_FAST_MATH = YES;
				SDKROOT = iphoneos;
				SWIFT_COMPILATION_MODE = wholemodule;
				SWIFT_OPTIMIZATION_LEVEL = "-O";
				VALIDATE_PRODUCT = YES;
			};
			name = Release;
		};
		04392C66240D97CC00695665 /* Debug */ = {
			isa = XCBuildConfiguration;
			buildSettings = {
				ASSETCATALOG_COMPILER_APPICON_NAME = AppIcon;
				CODE_SIGN_STYLE = Automatic;
				DEVELOPMENT_TEAM = 94ZMA2MYR4;
				INFOPLIST_FILE = MortgageCalculator/Resources/Info.plist;
				LD_RUNPATH_SEARCH_PATHS = (
					"$(inherited)",
					"@executable_path/Frameworks",
				);
				PRODUCT_BUNDLE_IDENTIFIER = swiftstudent.MortgageCalculator;
				PRODUCT_NAME = "$(TARGET_NAME)";
				SWIFT_VERSION = 5.0;
				TARGETED_DEVICE_FAMILY = "1,2";
			};
			name = Debug;
		};
		04392C67240D97CC00695665 /* Release */ = {
			isa = XCBuildConfiguration;
			buildSettings = {
				ASSETCATALOG_COMPILER_APPICON_NAME = AppIcon;
				CODE_SIGN_STYLE = Automatic;
				DEVELOPMENT_TEAM = 94ZMA2MYR4;
				INFOPLIST_FILE = MortgageCalculator/Resources/Info.plist;
				LD_RUNPATH_SEARCH_PATHS = (
					"$(inherited)",
					"@executable_path/Frameworks",
				);
				PRODUCT_BUNDLE_IDENTIFIER = swiftstudent.MortgageCalculator;
				PRODUCT_NAME = "$(TARGET_NAME)";
				SWIFT_VERSION = 5.0;
				TARGETED_DEVICE_FAMILY = "1,2";
			};
			name = Release;
		};
/* End XCBuildConfiguration section */

/* Begin XCConfigurationList section */
		04392C4C240D97CA00695665 /* Build configuration list for PBXProject "MortgageCalculator" */ = {
			isa = XCConfigurationList;
			buildConfigurations = (
				04392C63240D97CC00695665 /* Debug */,
				04392C64240D97CC00695665 /* Release */,
			);
			defaultConfigurationIsVisible = 0;
			defaultConfigurationName = Release;
		};
		04392C65240D97CC00695665 /* Build configuration list for PBXNativeTarget "MortgageCalculator" */ = {
			isa = XCConfigurationList;
			buildConfigurations = (
				04392C66240D97CC00695665 /* Debug */,
				04392C67240D97CC00695665 /* Release */,
			);
			defaultConfigurationIsVisible = 0;
			defaultConfigurationName = Release;
		};
/* End XCConfigurationList section */
	};
	rootObject = 04392C49240D97CA00695665 /* Project object */;
}
